
Microsoft Visual Studio Solution File, Format Version 12.00
# Visual Studio Version 16
VisualStudioVersion = 16.0.28803.202
MinimumVisualStudioVersion = 10.0.40219.1
Project("{FAE04EC0-301F-11D3-BF4B-00C04F79EFBC}") = "DeliverAgile20190429", "DeliverAgile20190429\DeliverAgile20190429.csproj", "{05EB098E-5372-46F0-ACC8-92512D1ED829}"
EndProject
Global
	GlobalSection(SolutionConfigurationPlatforms) = preSolution
		Debug|Any CPU = Debug|Any CPU
		Release|Any CPU = Release|Any CPU
	EndGlobalSection
	GlobalSection(ProjectConfigurationPlatforms) = postSolution
		{05EB098E-5372-46F0-ACC8-92512D1ED829}.Debug|Any CPU.ActiveCfg = Debug|Any CPU
		{05EB098E-5372-46F0-ACC8-92512D1ED829}.Debug|Any CPU.Build.0 = Debug|Any CPU
		{05EB098E-5372-46F0-ACC8-92512D1ED829}.Release|Any CPU.ActiveCfg = Release|Any CPU
		{05EB098E-5372-46F0-ACC8-92512D1ED829}.Release|Any CPU.Build.0 = Release|Any CPU
	EndGlobalSection
	GlobalSection(SolutionProperties) = preSolution
		HideSolutionNode = FALSE
	EndGlobalSection
	GlobalSection(ExtensibilityGlobals) = postSolution
		SolutionGuid = {3499E142-B2D0-4E20-B1E6-154949C2E1CA}
	EndGlobalSection
EndGlobal
